
Microsoft Visual Studio Solution File, Format Version 12.00
# Visual Studio Version 16
VisualStudioVersion = 16.0.32126.315
MinimumVisualStudioVersion = 10.0.40219.1
Project("{FAE04EC0-301F-11D3-BF4B-00C04F79EFBC}") = "RSA", "RSA\RSA.csproj", "{29DC9A6A-A9AF-4D42-B2D9-B43A44CA6317}"
EndProject
Global
	GlobalSection(SolutionConfigurationPlatforms) = preSolution
		Debug|Any CPU = Debug|Any CPU
		Release|Any CPU = Release|Any CPU
	EndGlobalSection
	GlobalSection(ProjectConfigurationPlatforms) = postSolution
		{29DC9A6A-A9AF-4D42-B2D9-B43A44CA6317}.Debug|Any CPU.ActiveCfg = Debug|Any CPU
		{29DC9A6A-A9AF-4D42-B2D9-B43A44CA6317}.Debug|Any CPU.Build.0 = Debug|Any CPU
		{29DC9A6A-A9AF-4D42-B2D9-B43A44CA6317}.Release|Any CPU.ActiveCfg = Release|Any CPU
		{29DC9A6A-A9AF-4D42-B2D9-B43A44CA6317}.Release|Any CPU.Build.0 = Release|Any CPU
	EndGlobalSection
	GlobalSection(SolutionProperties) = preSolution
		HideSolutionNode = FALSE
	EndGlobalSection
	GlobalSection(ExtensibilityGlobals) = postSolution
		SolutionGuid = {D685932C-EBB1-442F-AACC-75A7AD02D7D5}
	EndGlobalSection
EndGlobal
